// !$*UTF8*$!
{
	archiveVersion = 1;
	classes = {
	};
	objectVersion = 46;
	objects = {

/* Begin PBXBuildFile section */
		C6D9076D1806E6490004707E /* Foundation.framework in Frameworks */ = {isa = PBXBuildFile; fileRef = C6D9076C1806E6490004707E /* Foundation.framework */; };
		C6D9076F1806E6490004707E /* CoreGraphics.framework in Frameworks */ = {isa = PBXBuildFile; fileRef = C6D9076E1806E6490004707E /* CoreGraphics.framework */; };
		C6D907711806E6490004707E /* UIKit.framework in Frameworks */ = {isa = PBXBuildFile; fileRef = C6D907701806E6490004707E /* UIKit.framework */; };
		C6D907771806E6490004707E /* InfoPlist.strings in Resources */ = {isa = PBXBuildFile; fileRef = C6D907751806E6490004707E /* InfoPlist.strings */; };
		C6D907791806E6490004707E /* main.m in Sources */ = {isa = PBXBuildFile; fileRef = C6D907781806E6490004707E /* main.m */; };
		C6D9077D1806E6490004707E /* SWAppDelegate.m in Sources */ = {isa = PBXBuildFile; fileRef = C6D9077C1806E6490004707E /* SWAppDelegate.m */; };
		C6D907801806E6490004707E /* Main.storyboard in Resources */ = {isa = PBXBuildFile; fileRef = C6D9077E1806E6490004707E /* Main.storyboard */; };
		C6D907831806E6490004707E /* SWViewController.m in Sources */ = {isa = PBXBuildFile; fileRef = C6D907821806E6490004707E /* SWViewController.m */; };
		C6D907851806E6490004707E /* Images.xcassets in Resources */ = {isa = PBXBuildFile; fileRef = C6D907841806E6490004707E /* Images.xcassets */; };
		C6D9078C1806E6490004707E /* XCTest.framework in Frameworks */ = {isa = PBXBuildFile; fileRef = C6D9078B1806E6490004707E /* XCTest.framework */; };
		C6D9078D1806E6490004707E /* Foundation.framework in Frameworks */ = {isa = PBXBuildFile; fileRef = C6D9076C1806E6490004707E /* Foundation.framework */; };
		C6D9078E1806E6490004707E /* UIKit.framework in Frameworks */ = {isa = PBXBuildFile; fileRef = C6D907701806E6490004707E /* UIKit.framework */; };
		C6D907961806E6490004707E /* InfoPlist.strings in Resources */ = {isa = PBXBuildFile; fileRef = C6D907941806E6490004707E /* InfoPlist.strings */; };
		C6D907981806E6490004707E /* Class_Testing_GroundTests.m in Sources */ = {isa = PBXBuildFile; fileRef = C6D907971806E6490004707E /* Class_Testing_GroundTests.m */; };
/* End PBXBuildFile section */

/* Begin PBXContainerItemProxy section */
		C6D9078F1806E6490004707E /* PBXContainerItemProxy */ = {
			isa = PBXContainerItemProxy;
			containerPortal = C6D907611806E6490004707E /* Project object */;
			proxyType = 1;
			remoteGlobalIDString = C6D907681806E6490004707E;
			remoteInfo = "Class Testing Ground";
		};
/* End PBXContainerItemProxy section */

/* Begin PBXFileReference section */
		C6D907691806E6490004707E /* Class Testing Ground.app */ = {isa = PBXFileReference; explicitFileType = wrapper.application; includeInIndex = 0; path = "Class Testing Ground.app"; sourceTree = BUILT_PRODUCTS_DIR; };
		C6D9076C1806E6490004707E /* Foundation.framework */ = {isa = PBXFileReference; lastKnownFileType = wrapper.framework; name = Foundation.framework; path = System/Library/Frameworks/Foundation.framework; sourceTree = SDKROOT; };
		C6D9076E1806E6490004707E /* CoreGraphics.framework */ = {isa = PBXFileReference; lastKnownFileType = wrapper.framework; name = CoreGraphics.framework; path = System/Library/Frameworks/CoreGraphics.framework; sourceTree = SDKROOT; };
		C6D907701806E6490004707E /* UIKit.framework */ = {isa = PBXFileReference; lastKnownFileType = wrapper.framework; name = UIKit.framework; path = System/Library/Frameworks/UIKit.framework; sourceTree = SDKROOT; };
		C6D907741806E6490004707E /* Class Testing Ground-Info.plist */ = {isa = PBXFileReference; lastKnownFileType = text.plist.xml; path = "Class Testing Ground-Info.plist"; sourceTree = "<group>"; };
		C6D907761806E6490004707E /* en */ = {isa = PBXFileReference; lastKnownFileType = text.plist.strings; name = en; path = en.lproj/InfoPlist.strings; sourceTree = "<group>"; };
		C6D907781806E6490004707E /* main.m */ = {isa = PBXFileReference; lastKnownFileType = sourcecode.c.objc; path = main.m; sourceTree = "<group>"; };
		C6D9077A1806E6490004707E /* Class Testing Ground-Prefix.pch */ = {isa = PBXFileReference; lastKnownFileType = sourcecode.c.h; path = "Class Testing Ground-Prefix.pch"; sourceTree = "<group>"; };
		C6D9077B1806E6490004707E /* SWAppDelegate.h */ = {isa = PBXFileReference; lastKnownFileType = sourcecode.c.h; path = SWAppDelegate.h; sourceTree = "<group>"; };
		C6D9077C1806E6490004707E /* SWAppDelegate.m */ = {isa = PBXFileReference; lastKnownFileType = sourcecode.c.objc; path = SWAppDelegate.m; sourceTree = "<group>"; };
		C6D9077F1806E6490004707E /* Base */ = {isa = PBXFileReference; lastKnownFileType = file.storyboard; name = Base; path = Base.lproj/Main.storyboard; sourceTree = "<group>"; };
		C6D907811806E6490004707E /* SWViewController.h */ = {isa = PBXFileReference; lastKnownFileType = sourcecode.c.h; path = SWViewController.h; sourceTree = "<group>"; };
		C6D907821806E6490004707E /* SWViewController.m */ = {isa = PBXFileReference; lastKnownFileType = sourcecode.c.objc; path = SWViewController.m; sourceTree = "<group>"; };
		C6D907841806E6490004707E /* Images.xcassets */ = {isa = PBXFileReference; lastKnownFileType = folder.assetcatalog; path = Images.xcassets; sourceTree = "<group>"; };
		C6D9078A1806E6490004707E /* Class Testing GroundTests.xctest */ = {isa = PBXFileReference; explicitFileType = wrapper.cfbundle; includeInIndex = 0; path = "Class Testing GroundTests.xctest"; sourceTree = BUILT_PRODUCTS_DIR; };
		C6D9078B1806E6490004707E /* XCTest.framework */ = {isa = PBXFileReference; lastKnownFileType = wrapper.framework; name = XCTest.framework; path = Library/Frameworks/XCTest.framework; sourceTree = DEVELOPER_DIR; };
		C6D907931806E6490004707E /* Class Testing GroundTests-Info.plist */ = {isa = PBXFileReference; lastKnownFileType = text.plist.xml; path = "Class Testing GroundTests-Info.plist"; sourceTree = "<group>"; };
		C6D907951806E6490004707E /* en */ = {isa = PBXFileReference; lastKnownFileType = text.plist.strings; name = en; path = en.lproj/InfoPlist.strings; sourceTree = "<group>"; };
		C6D907971806E6490004707E /* Class_Testing_GroundTests.m */ = {isa = PBXFileReference; lastKnownFileType = sourcecode.c.objc; path = Class_Testing_GroundTests.m; sourceTree = "<group>"; };
/* End PBXFileReference section */

/* Begin PBXFrameworksBuildPhase section */
		C6D907661806E6490004707E /* Frameworks */ = {
			isa = PBXFrameworksBuildPhase;
			buildActionMask = 2147483647;
			files = (
				C6D9076F1806E6490004707E /* CoreGraphics.framework in Frameworks */,
				C6D907711806E6490004707E /* UIKit.framework in Frameworks */,
				C6D9076D1806E6490004707E /* Foundation.framework in Frameworks */,
			);
			runOnlyForDeploymentPostprocessing = 0;
		};
		C6D907871806E6490004707E /* Frameworks */ = {
			isa = PBXFrameworksBuildPhase;
			buildActionMask = 2147483647;
			files = (
				C6D9078C1806E6490004707E /* XCTest.framework in Frameworks */,
				C6D9078E1806E6490004707E /* UIKit.framework in Frameworks */,
				C6D9078D1806E6490004707E /* Foundation.framework in Frameworks */,
			);
			runOnlyForDeploymentPostprocessing = 0;
		};
/* End PBXFrameworksBuildPhase section */

/* Begin PBXGroup section */
		C6D907601806E6490004707E = {
			isa = PBXGroup;
			children = (
				C6D907721806E6490004707E /* Class Testing Ground */,
				C6D907911806E6490004707E /* Class Testing GroundTests */,
				C6D9076B1806E6490004707E /* Frameworks */,
				C6D9076A1806E6490004707E /* Products */,
			);
			sourceTree = "<group>";
		};
		C6D9076A1806E6490004707E /* Products */ = {
			isa = PBXGroup;
			children = (
				C6D907691806E6490004707E /* Class Testing Ground.app */,
				C6D9078A1806E6490004707E /* Class Testing GroundTests.xctest */,
			);
			name = Products;
			sourceTree = "<group>";
		};
		C6D9076B1806E6490004707E /* Frameworks */ = {
			isa = PBXGroup;
			children = (
				C6D9076C1806E6490004707E /* Foundation.framework */,
				C6D9076E1806E6490004707E /* CoreGraphics.framework */,
				C6D907701806E6490004707E /* UIKit.framework */,
				C6D9078B1806E6490004707E /* XCTest.framework */,
			);
			name = Frameworks;
			sourceTree = "<group>";
		};
		C6D907721806E6490004707E /* Class Testing Ground */ = {
			isa = PBXGroup;
			children = (
				C6D9077B1806E6490004707E /* SWAppDelegate.h */,
				C6D9077C1806E6490004707E /* SWAppDelegate.m */,
				C6D9077E1806E6490004707E /* Main.storyboard */,
				C6D907811806E6490004707E /* SWViewController.h */,
				C6D907821806E6490004707E /* SWViewController.m */,
				C6D907841806E6490004707E /* Images.xcassets */,
				C6D907731806E6490004707E /* Supporting Files */,
			);
			path = "Class Testing Ground";
			sourceTree = "<group>";
		};
		C6D907731806E6490004707E /* Supporting Files */ = {
			isa = PBXGroup;
			children = (
				C6D907741806E6490004707E /* Class Testing Ground-Info.plist */,
				C6D907751806E6490004707E /* InfoPlist.strings */,
				C6D907781806E6490004707E /* main.m */,
				C6D9077A1806E6490004707E /* Class Testing Ground-Prefix.pch */,
			);
			name = "Supporting Files";
			sourceTree = "<group>";
		};
		C6D907911806E6490004707E /* Class Testing GroundTests */ = {
			isa = PBXGroup;
			children = (
				C6D907971806E6490004707E /* Class_Testing_GroundTests.m */,
				C6D907921806E6490004707E /* Supporting Files */,
			);
			path = "Class Testing GroundTests";
			sourceTree = "<group>";
		};
		C6D907921806E6490004707E /* Supporting Files */ = {
			isa = PBXGroup;
			children = (
				C6D907931806E6490004707E /* Class Testing GroundTests-Info.plist */,
				C6D907941806E6490004707E /* InfoPlist.strings */,
			);
			name = "Supporting Files";
			sourceTree = "<group>";
		};
/* End PBXGroup section */

/* Begin PBXNativeTarget section */
		C6D907681806E6490004707E /* Class Testing Ground */ = {
			isa = PBXNativeTarget;
			buildConfigurationList = C6D9079B1806E6490004707E /* Build configuration list for PBXNativeTarget "Class Testing Ground" */;
			buildPhases = (
				C6D907651806E6490004707E /* Sources */,
				C6D907661806E6490004707E /* Frameworks */,
				C6D907671806E6490004707E /* Resources */,
			);
			buildRules = (
			);
			dependencies = (
			);
			name = "Class Testing Ground";
			productName = "Class Testing Ground";
			productReference = C6D907691806E6490004707E /* Class Testing Ground.app */;
			productType = "com.apple.product-type.application";
		};
		C6D907891806E6490004707E /* Class Testing GroundTests */ = {
			isa = PBXNativeTarget;
			buildConfigurationList = C6D9079E1806E6490004707E /* Build configuration list for PBXNativeTarget "Class Testing GroundTests" */;
			buildPhases = (
				C6D907861806E6490004707E /* Sources */,
				C6D907871806E6490004707E /* Frameworks */,
				C6D907881806E6490004707E /* Resources */,
			);
			buildRules = (
			);
			dependencies = (
				C6D907901806E6490004707E /* PBXTargetDependency */,
			);
			name = "Class Testing GroundTests";
			productName = "Class Testing GroundTests";
			productReference = C6D9078A1806E6490004707E /* Class Testing GroundTests.xctest */;
			productType = "com.apple.product-type.bundle.unit-test";
		};
/* End PBXNativeTarget section */

/* Begin PBXProject section */
		C6D907611806E6490004707E /* Project object */ = {
			isa = PBXProject;
			attributes = {
				CLASSPREFIX = SW;
				LastUpgradeCheck = 0500;
				ORGANIZATIONNAME = "Shannon Wynn";
				TargetAttributes = {
					C6D907891806E6490004707E = {
						TestTargetID = C6D907681806E6490004707E;
					};
				};
			};
			buildConfigurationList = C6D907641806E6490004707E /* Build configuration list for PBXProject "Class Testing Ground" */;
			compatibilityVersion = "Xcode 3.2";
			developmentRegion = English;
			hasScannedForEncodings = 0;
			knownRegions = (
				en,
				Base,
			);
			mainGroup = C6D907601806E6490004707E;
			productRefGroup = C6D9076A1806E6490004707E /* Products */;
			projectDirPath = "";
			projectRoot = "";
			targets = (
				C6D907681806E6490004707E /* Class Testing Ground */,
				C6D907891806E6490004707E /* Class Testing GroundTests */,
			);
		};
/* End PBXProject section */

/* Begin PBXResourcesBuildPhase section */
		C6D907671806E6490004707E /* Resources */ = {
			isa = PBXResourcesBuildPhase;
			buildActionMask = 2147483647;
			files = (
				C6D907851806E6490004707E /* Images.xcassets in Resources */,
				C6D907771806E6490004707E /* InfoPlist.strings in Resources */,
				C6D907801806E6490004707E /* Main.storyboard in Resources */,
			);
			runOnlyForDeploymentPostprocessing = 0;
		};
		C6D907881806E6490004707E /* Resources */ = {
			isa = PBXResourcesBuildPhase;
			buildActionMask = 2147483647;
			files = (
				C6D907961806E6490004707E /* InfoPlist.strings in Resources */,
			);
			runOnlyForDeploymentPostprocessing = 0;
		};
/* End PBXResourcesBuildPhase section */

/* Begin PBXSourcesBuildPhase section */
		C6D907651806E6490004707E /* Sources */ = {
			isa = PBXSourcesBuildPhase;
			buildActionMask = 2147483647;
			files = (
				C6D907831806E6490004707E /* SWViewController.m in Sources */,
				C6D9077D1806E6490004707E /* SWAppDelegate.m in Sources */,
				C6D907791806E6490004707E /* main.m in Sources */,
			);
			runOnlyForDeploymentPostprocessing = 0;
		};
		C6D907861806E6490004707E /* Sources */ = {
			isa = PBXSourcesBuildPhase;
			buildActionMask = 2147483647;
			files = (
				C6D907981806E6490004707E /* Class_Testing_GroundTests.m in Sources */,
			);
			runOnlyForDeploymentPostprocessing = 0;
		};
/* End PBXSourcesBuildPhase section */

/* Begin PBXTargetDependency section */
		C6D907901806E6490004707E /* PBXTargetDependency */ = {
			isa = PBXTargetDependency;
			target = C6D907681806E6490004707E /* Class Testing Ground */;
			targetProxy = C6D9078F1806E6490004707E /* PBXContainerItemProxy */;
		};
/* End PBXTargetDependency section */

/* Begin PBXVariantGroup section */
		C6D907751806E6490004707E /* InfoPlist.strings */ = {
			isa = PBXVariantGroup;
			children = (
				C6D907761806E6490004707E /* en */,
			);
			name = InfoPlist.strings;
			sourceTree = "<group>";
		};
		C6D9077E1806E6490004707E /* Main.storyboard */ = {
			isa = PBXVariantGroup;
			children = (
				C6D9077F1806E6490004707E /* Base */,
			);
			name = Main.storyboard;
			sourceTree = "<group>";
		};
		C6D907941806E6490004707E /* InfoPlist.strings */ = {
			isa = PBXVariantGroup;
			children = (
				C6D907951806E6490004707E /* en */,
			);
			name = InfoPlist.strings;
			sourceTree = "<group>";
		};
/* End PBXVariantGroup section */

/* Begin XCBuildConfiguration section */
		C6D907991806E6490004707E /* Debug */ = {
			isa = XCBuildConfiguration;
			buildSettings = {
				ALWAYS_SEARCH_USER_PATHS = NO;
				ARCHS = "$(ARCHS_STANDARD_INCLUDING_64_BIT)";
				CLANG_CXX_LANGUAGE_STANDARD = "gnu++0x";
				CLANG_CXX_LIBRARY = "libc++";
				CLANG_ENABLE_MODULES = YES;
				CLANG_ENABLE_OBJC_ARC = YES;
				CLANG_WARN_BOOL_CONVERSION = YES;
				CLANG_WARN_CONSTANT_CONVERSION = YES;
				CLANG_WARN_DIRECT_OBJC_ISA_USAGE = YES_ERROR;
				CLANG_WARN_EMPTY_BODY = YES;
				CLANG_WARN_ENUM_CONVERSION = YES;
				CLANG_WARN_INT_CONVERSION = YES;
				CLANG_WARN_OBJC_ROOT_CLASS = YES_ERROR;
				CLANG_WARN__DUPLICATE_METHOD_MATCH = YES;
				"CODE_SIGN_IDENTITY[sdk=iphoneos*]" = "iPhone Developer";
				COPY_PHASE_STRIP = NO;
				GCC_C_LANGUAGE_STANDARD = gnu99;
				GCC_DYNAMIC_NO_PIC = NO;
				GCC_OPTIMIZATION_LEVEL = 0;
				GCC_PREPROCESSOR_DEFINITIONS = (
					"DEBUG=1",
					"$(inherited)",
				);
				GCC_SYMBOLS_PRIVATE_EXTERN = NO;
				GCC_WARN_64_TO_32_BIT_CONVERSION = YES;
				GCC_WARN_ABOUT_RETURN_TYPE = YES_ERROR;
				GCC_WARN_UNDECLARED_SELECTOR = YES;
				GCC_WARN_UNINITIALIZED_AUTOS = YES;
				GCC_WARN_UNUSED_FUNCTION = YES;
				GCC_WARN_UNUSED_VARIABLE = YES;
				IPHONEOS_DEPLOYMENT_TARGET = 7.0;
				ONLY_ACTIVE_ARCH = YES;
				SDKROOT = iphoneos;
			};
			name = Debug;
		};
		C6D9079A1806E6490004707E /* Release */ = {
			isa = XCBuildConfiguration;
			buildSettings = {
				ALWAYS_SEARCH_USER_PATHS = NO;
				ARCHS = "$(ARCHS_STANDARD_INCLUDING_64_BIT)";
				CLANG_CXX_LANGUAGE_STANDARD = "gnu++0x";
				CLANG_CXX_LIBRARY = "libc++";
				CLANG_ENABLE_MODULES = YES;
				CLANG_ENABLE_OBJC_ARC = YES;
				CLANG_WARN_BOOL_CONVERSION = YES;
				CLANG_WARN_CONSTANT_CONVERSION = YES;
				CLANG_WARN_DIRECT_OBJC_ISA_USAGE = YES_ERROR;
				CLANG_WARN_EMPTY_BODY = YES;
				CLANG_WARN_ENUM_CONVERSION = YES;
				CLANG_WARN_INT_CONVERSION = YES;
				CLANG_WARN_OBJC_ROOT_CLASS = YES_ERROR;
				CLANG_WARN__DUPLICATE_METHOD_MATCH = YES;
				"CODE_SIGN_IDENTITY[sdk=iphoneos*]" = "iPhone Developer";
				COPY_PHASE_STRIP = YES;
				ENABLE_NS_ASSERTIONS = NO;
				GCC_C_LANGUAGE_STANDARD = gnu99;
				GCC_WARN_64_TO_32_BIT_CONVERSION = YES;
				GCC_WARN_ABOUT_RETURN_TYPE = YES_ERROR;
				GCC_WARN_UNDECLARED_SELECTOR = YES;
				GCC_WARN_UNINITIALIZED_AUTOS = YES;
				GCC_WARN_UNUSED_FUNCTION = YES;
				GCC_WARN_UNUSED_VARIABLE = YES;
				IPHONEOS_DEPLOYMENT_TARGET = 7.0;
				SDKROOT = iphoneos;
				VALIDATE_PRODUCT = YES;
			};
			name = Release;
		};
		C6D9079C1806E6490004707E /* Debug */ = {
			isa = XCBuildConfiguration;
			buildSettings = {
				ASSETCATALOG_COMPILER_APPICON_NAME = AppIcon;
				ASSETCATALOG_COMPILER_LAUNCHIMAGE_NAME = LaunchImage;
				GCC_PRECOMPILE_PREFIX_HEADER = YES;
				GCC_PREFIX_HEADER = "Class Testing Ground/Class Testing Ground-Prefix.pch";
				INFOPLIST_FILE = "Class Testing Ground/Class Testing Ground-Info.plist";
				PRODUCT_NAME = "$(TARGET_NAME)";
				WRAPPER_EXTENSION = app;
			};
			name = Debug;
		};
		C6D9079D1806E6490004707E /* Release */ = {
			isa = XCBuildConfiguration;
			buildSettings = {
				ASSETCATALOG_COMPILER_APPICON_NAME = AppIcon;
				ASSETCATALOG_COMPILER_LAUNCHIMAGE_NAME = LaunchImage;
				GCC_PRECOMPILE_PREFIX_HEADER = YES;
				GCC_PREFIX_HEADER = "Class Testing Ground/Class Testing Ground-Prefix.pch";
				INFOPLIST_FILE = "Class Testing Ground/Class Testing Ground-Info.plist";
				PRODUCT_NAME = "$(TARGET_NAME)";
				WRAPPER_EXTENSION = app;
			};
			name = Release;
		};
		C6D9079F1806E6490004707E /* Debug */ = {
			isa = XCBuildConfiguration;
			buildSettings = {
				ARCHS = "$(ARCHS_STANDARD_INCLUDING_64_BIT)";
				BUNDLE_LOADER = "$(BUILT_PRODUCTS_DIR)/Class Testing Ground.app/Class Testing Ground";
				FRAMEWORK_SEARCH_PATHS = (
					"$(SDKROOT)/Developer/Library/Frameworks",
					"$(inherited)",
					"$(DEVELOPER_FRAMEWORKS_DIR)",
				);
				GCC_PRECOMPILE_PREFIX_HEADER = YES;
				GCC_PREFIX_HEADER = "Class Testing Ground/Class Testing Ground-Prefix.pch";
				GCC_PREPROCESSOR_DEFINITIONS = (
					"DEBUG=1",
					"$(inherited)",
				);
				INFOPLIST_FILE = "Class Testing GroundTests/Class Testing GroundTests-Info.plist";
				PRODUCT_NAME = "$(TARGET_NAME)";
				TEST_HOST = "$(BUNDLE_LOADER)";
				WRAPPER_EXTENSION = xctest;
			};
			name = Debug;
		};
		C6D907A01806E6490004707E /* Release */ = {
			isa = XCBuildConfiguration;
			buildSettings = {
				ARCHS = "$(ARCHS_STANDARD_INCLUDING_64_BIT)";
				BUNDLE_LOADER = "$(BUILT_PRODUCTS_DIR)/Class Testing Ground.app/Class Testing Ground";
				FRAMEWORK_SEARCH_PATHS = (
					"$(SDKROOT)/Developer/Library/Frameworks",
					"$(inherited)",
					"$(DEVELOPER_FRAMEWORKS_DIR)",
				);
				GCC_PRECOMPILE_PREFIX_HEADER = YES;
				GCC_PREFIX_HEADER = "Class Testing Ground/Class Testing Ground-Prefix.pch";
				INFOPLIST_FILE = "Class Testing GroundTests/Class Testing GroundTests-Info.plist";
				PRODUCT_NAME = "$(TARGET_NAME)";
				TEST_HOST = "$(BUNDLE_LOADER)";
				WRAPPER_EXTENSION = xctest;
			};
			name = Release;
		};
/* End XCBuildConfiguration section */

/* Begin XCConfigurationList section */
		C6D907641806E6490004707E /* Build configuration list for PBXProject "Class Testing Ground" */ = {
			isa = XCConfigurationList;
			buildConfigurations = (
				C6D907991806E6490004707E /* Debug */,
				C6D9079A1806E6490004707E /* Release */,
			);
			defaultConfigurationIsVisible = 0;
			defaultConfigurationName = Release;
		};
		C6D9079B1806E6490004707E /* Build configuration list for PBXNativeTarget "Class Testing Ground" */ = {
			isa = XCConfigurationList;
			buildConfigurations = (
				C6D9079C1806E6490004707E /* Debug */,
				C6D9079D1806E6490004707E /* Release */,
			);
			defaultConfigurationIsVisible = 0;
		};
		C6D9079E1806E6490004707E /* Build configuration list for PBXNativeTarget "Class Testing GroundTests" */ = {
			isa = XCConfigurationList;
			buildConfigurations = (
				C6D9079F1806E6490004707E /* Debug */,
				C6D907A01806E6490004707E /* Release */,
			);
			defaultConfigurationIsVisible = 0;
		};
/* End XCConfigurationList section */
	};
	rootObject = C6D907611806E6490004707E /* Project object */;
}
